
Microsoft Visual Studio Solution File, Format Version 12.00
# Visual Studio Version 17
VisualStudioVersion = 17.7.34024.191
MinimumVisualStudioVersion = 10.0.40219.1
Project("{9A19103F-16F7-4668-BE54-9A1E7A4F7556}") = "Resume", "Resume.csproj", "{23EBAF29-4902-4DFC-9A7E-6238ECE7CCCF}"
EndProject
Global
	GlobalSection(SolutionConfigurationPlatforms) = preSolution
		Debug|Any CPU = Debug|Any CPU
		Release|Any CPU = Release|Any CPU
	EndGlobalSection
	GlobalSection(ProjectConfigurationPlatforms) = postSolution
		{23EBAF29-4902-4DFC-9A7E-6238ECE7CCCF}.Debug|Any CPU.ActiveCfg = Debug|Any CPU
		{23EBAF29-4902-4DFC-9A7E-6238ECE7CCCF}.Debug|Any CPU.Build.0 = Debug|Any CPU
		{23EBAF29-4902-4DFC-9A7E-6238ECE7CCCF}.Release|Any CPU.ActiveCfg = Release|Any CPU
		{23EBAF29-4902-4DFC-9A7E-6238ECE7CCCF}.Release|Any CPU.Build.0 = Release|Any CPU
	EndGlobalSection
	GlobalSection(SolutionProperties) = preSolution
		HideSolutionNode = FALSE
	EndGlobalSection
	GlobalSection(ExtensibilityGlobals) = postSolution
		SolutionGuid = {09B938DC-6E74-46F8-BB67-2026A2CAD50E}
	EndGlobalSection
EndGlobal
